
Microsoft Visual Studio Solution File, Format Version 12.00
# Visual Studio 2013
VisualStudioVersion = 12.0.21005.1
MinimumVisualStudioVersion = 10.0.40219.1
Project("{FAE04EC0-301F-11D3-BF4B-00C04F79EFBC}") = "Sales.Data.Mongo", "Sales.Data.Mongo\Sales.Data.Mongo.csproj", "{6906D0A6-7917-4E86-B942-ABD9F79A7CB8}"
EndProject
Project("{FAE04EC0-301F-11D3-BF4B-00C04F79EFBC}") = "Sales.Data.MySql", "Sales.Data.MySql\Sales.Data.MySql.csproj", "{B6C185DD-6FD2-44A0-AA47-DEBDAC388F23}"
EndProject
Project("{FAE04EC0-301F-11D3-BF4B-00C04F79EFBC}") = "Sales.Data.OracleSql", "Sales.Data.OracleSql\Sales.Data.OracleSql.csproj", "{ADCCB06F-4100-48F8-AD55-558CD3A8DC0D}"
EndProject
Project("{FAE04EC0-301F-11D3-BF4B-00C04F79EFBC}") = "Sales.Data.Sqlite", "Sales.Data.Sqlite\Sales.Data.Sqlite.csproj", "{9891F224-0A9D-44A8-B778-71240201B2D0}"
EndProject
Project("{FAE04EC0-301F-11D3-BF4B-00C04F79EFBC}") = "Sales.Data.SqlServer", "Sales.Data.SqlServer\Sales.Data.SqlServer.csproj", "{ADAE4491-1C6A-4593-A4B2-0311E6BF9483}"
EndProject
Global
	GlobalSection(SolutionConfigurationPlatforms) = preSolution
		Debug|Any CPU = Debug|Any CPU
		Release|Any CPU = Release|Any CPU
	EndGlobalSection
	GlobalSection(ProjectConfigurationPlatforms) = postSolution
		{6906D0A6-7917-4E86-B942-ABD9F79A7CB8}.Debug|Any CPU.ActiveCfg = Debug|Any CPU
		{6906D0A6-7917-4E86-B942-ABD9F79A7CB8}.Debug|Any CPU.Build.0 = Debug|Any CPU
		{6906D0A6-7917-4E86-B942-ABD9F79A7CB8}.Release|Any CPU.ActiveCfg = Release|Any CPU
		{6906D0A6-7917-4E86-B942-ABD9F79A7CB8}.Release|Any CPU.Build.0 = Release|Any CPU
		{B6C185DD-6FD2-44A0-AA47-DEBDAC388F23}.Debug|Any CPU.ActiveCfg = Debug|Any CPU
		{B6C185DD-6FD2-44A0-AA47-DEBDAC388F23}.Debug|Any CPU.Build.0 = Debug|Any CPU
		{B6C185DD-6FD2-44A0-AA47-DEBDAC388F23}.Release|Any CPU.ActiveCfg = Release|Any CPU
		{B6C185DD-6FD2-44A0-AA47-DEBDAC388F23}.Release|Any CPU.Build.0 = Release|Any CPU
		{ADCCB06F-4100-48F8-AD55-558CD3A8DC0D}.Debug|Any CPU.ActiveCfg = Debug|Any CPU
		{ADCCB06F-4100-48F8-AD55-558CD3A8DC0D}.Debug|Any CPU.Build.0 = Debug|Any CPU
		{ADCCB06F-4100-48F8-AD55-558CD3A8DC0D}.Release|Any CPU.ActiveCfg = Release|Any CPU
		{ADCCB06F-4100-48F8-AD55-558CD3A8DC0D}.Release|Any CPU.Build.0 = Release|Any CPU
		{9891F224-0A9D-44A8-B778-71240201B2D0}.Debug|Any CPU.ActiveCfg = Debug|Any CPU
		{9891F224-0A9D-44A8-B778-71240201B2D0}.Debug|Any CPU.Build.0 = Debug|Any CPU
		{9891F224-0A9D-44A8-B778-71240201B2D0}.Release|Any CPU.ActiveCfg = Release|Any CPU
		{9891F224-0A9D-44A8-B778-71240201B2D0}.Release|Any CPU.Build.0 = Release|Any CPU
		{ADAE4491-1C6A-4593-A4B2-0311E6BF9483}.Debug|Any CPU.ActiveCfg = Debug|Any CPU
		{ADAE4491-1C6A-4593-A4B2-0311E6BF9483}.Debug|Any CPU.Build.0 = Debug|Any CPU
		{ADAE4491-1C6A-4593-A4B2-0311E6BF9483}.Release|Any CPU.ActiveCfg = Release|Any CPU
		{ADAE4491-1C6A-4593-A4B2-0311E6BF9483}.Release|Any CPU.Build.0 = Release|Any CPU
	EndGlobalSection
	GlobalSection(SolutionProperties) = preSolution
		HideSolutionNode = FALSE
	EndGlobalSection
EndGlobal
